
Microsoft Visual Studio Solution File, Format Version 12.00
# Visual Studio Version 16
VisualStudioVersion = 16.0.29020.237
MinimumVisualStudioVersion = 10.0.40219.1
Project("{FAE04EC0-301F-11D3-BF4B-00C04F79EFBC}") = "WindowsFormsApp1", "WindowsFormsApp1\WindowsFormsApp1.csproj", "{AA797C07-0ECB-4A50-8469-97180C8A85A2}"
EndProject
Global
	GlobalSection(SolutionConfigurationPlatforms) = preSolution
		Debug|Any CPU = Debug|Any CPU
		Release|Any CPU = Release|Any CPU
	EndGlobalSection
	GlobalSection(ProjectConfigurationPlatforms) = postSolution
		{AA797C07-0ECB-4A50-8469-97180C8A85A2}.Debug|Any CPU.ActiveCfg = Debug|Any CPU
		{AA797C07-0ECB-4A50-8469-97180C8A85A2}.Debug|Any CPU.Build.0 = Debug|Any CPU
		{AA797C07-0ECB-4A50-8469-97180C8A85A2}.Release|Any CPU.ActiveCfg = Release|Any CPU
		{AA797C07-0ECB-4A50-8469-97180C8A85A2}.Release|Any CPU.Build.0 = Release|Any CPU
	EndGlobalSection
	GlobalSection(SolutionProperties) = preSolution
		HideSolutionNode = FALSE
	EndGlobalSection
	GlobalSection(ExtensibilityGlobals) = postSolution
		SolutionGuid = {7AB0F405-9BA0-4FE3-92D0-6AC68B132D0B}
	EndGlobalSection
EndGlobal
